
Microsoft Visual Studio Solution File, Format Version 12.00
# Visual Studio 15
VisualStudioVersion = 15.0.28307.852
MinimumVisualStudioVersion = 10.0.40219.1
Project("{FAE04EC0-301F-11D3-BF4B-00C04F79EFBC}") = "6Conpanieros", "6Conpanieros\6Conpanieros.csproj", "{B10CDBE0-B4CB-4879-9FEA-95ACEC7B7B62}"
EndProject
Global
	GlobalSection(SolutionConfigurationPlatforms) = preSolution
		Debug|Any CPU = Debug|Any CPU
		Release|Any CPU = Release|Any CPU
	EndGlobalSection
	GlobalSection(ProjectConfigurationPlatforms) = postSolution
		{B10CDBE0-B4CB-4879-9FEA-95ACEC7B7B62}.Debug|Any CPU.ActiveCfg = Debug|Any CPU
		{B10CDBE0-B4CB-4879-9FEA-95ACEC7B7B62}.Debug|Any CPU.Build.0 = Debug|Any CPU
		{B10CDBE0-B4CB-4879-9FEA-95ACEC7B7B62}.Release|Any CPU.ActiveCfg = Release|Any CPU
		{B10CDBE0-B4CB-4879-9FEA-95ACEC7B7B62}.Release|Any CPU.Build.0 = Release|Any CPU
	EndGlobalSection
	GlobalSection(SolutionProperties) = preSolution
		HideSolutionNode = FALSE
	EndGlobalSection
	GlobalSection(ExtensibilityGlobals) = postSolution
		SolutionGuid = {5844A63A-5872-470F-9BC0-852D2BBA7051}
	EndGlobalSection
EndGlobal
